
Microsoft Visual Studio Solution File, Format Version 12.00
# Visual Studio Version 17
VisualStudioVersion = 17.6.33815.320
MinimumVisualStudioVersion = 10.0.40219.1
Project("{FAE04EC0-301F-11D3-BF4B-00C04F79EFBC}") = "EuDef", "EuDef.csproj", "{DC2EDD08-1033-4372-8390-D03E1706F644}"
EndProject
Global
	GlobalSection(SolutionConfigurationPlatforms) = preSolution
		Debug|Any CPU = Debug|Any CPU
		Release|Any CPU = Release|Any CPU
	EndGlobalSection
	GlobalSection(ProjectConfigurationPlatforms) = postSolution
		{DC2EDD08-1033-4372-8390-D03E1706F644}.Debug|Any CPU.ActiveCfg = Debug|Any CPU
		{DC2EDD08-1033-4372-8390-D03E1706F644}.Debug|Any CPU.Build.0 = Debug|Any CPU
		{DC2EDD08-1033-4372-8390-D03E1706F644}.Release|Any CPU.ActiveCfg = Release|Any CPU
		{DC2EDD08-1033-4372-8390-D03E1706F644}.Release|Any CPU.Build.0 = Release|Any CPU
	EndGlobalSection
	GlobalSection(SolutionProperties) = preSolution
		HideSolutionNode = FALSE
	EndGlobalSection
	GlobalSection(ExtensibilityGlobals) = postSolution
		SolutionGuid = {A00AF56D-042E-4F65-851D-472F882477D9}
	EndGlobalSection
EndGlobal
